
Microsoft Visual Studio Solution File, Format Version 12.00
# Visual Studio Version 18
VisualStudioVersion = 18.2.11415.280
MinimumVisualStudioVersion = 10.0.40219.1
Project("{FAE04EC0-301F-11D3-BF4B-00C04F79EFBC}") = "Adapter.Venture", "CarrierAdapters\Venture\Adapter.Venture.csproj", "{C4BF4BC3-D189-43F3-5DE3-22AC553B6517}"
EndProject
Project("{FAE04EC0-301F-11D3-BF4B-00C04F79EFBC}") = "CarrierFeedDownload.CrossCutting.Adapter", "CrossCuttingAdapter\CarrierFeedDownload.CrossCutting.Adapter.csproj", "{8F3031C1-66A1-269B-32C9-333A8609B5D2}"
EndProject
Project("{FAE04EC0-301F-11D3-BF4B-00C04F79EFBC}") = "CarrierFeedDownload.ExecutionHost", "ExecutionHost\CarrierFeedDownload.ExecutionHost.csproj", "{25618D97-9A8E-4A1E-A2CE-2164238A04C5}"
EndProject
Project("{2150E333-8FDC-42A3-9474-1A3956D46DE8}") = "ExecutionHost", "ExecutionHost", "{BCCE6161-BB8F-4B00-B6CC-DAAE0F7E85CC}"
EndProject
Project("{2150E333-8FDC-42A3-9474-1A3956D46DE8}") = "CarrierAdapters", "CarrierAdapters", "{B6A6B99A-8203-45E1-9F33-C9691342BA87}"
EndProject
Project("{2150E333-8FDC-42A3-9474-1A3956D46DE8}") = "Venture", "Venture", "{05036763-C748-41DC-B96A-C168A6868AC3}"
EndProject
Project("{2150E333-8FDC-42A3-9474-1A3956D46DE8}") = "CrossCuttingAdapter", "CrossCuttingAdapter", "{DAE61D28-0814-49EB-A829-8D8F8F57EE06}"
EndProject
Project("{2150E333-8FDC-42A3-9474-1A3956D46DE8}") = "Hallmark", "Hallmark", "{A755F970-9C6E-7AA3-4161-1E40420FB937}"
EndProject
Project("{FAE04EC0-301F-11D3-BF4B-00C04F79EFBC}") = "Adapter.Hallmark", "CarrierAdapters\Hallmark\Adapter.Hallmark.csproj", "{5EAADCE3-C539-4F0B-9DA1-123A9F76EBEA}"
EndProject
Global
	GlobalSection(SolutionConfigurationPlatforms) = preSolution
		Debug|Any CPU = Debug|Any CPU
		Debug|x64 = Debug|x64
		Debug|x86 = Debug|x86
		Release|Any CPU = Release|Any CPU
		Release|x64 = Release|x64
		Release|x86 = Release|x86
	EndGlobalSection
	GlobalSection(ProjectConfigurationPlatforms) = postSolution
		{C4BF4BC3-D189-43F3-5DE3-22AC553B6517}.Debug|Any CPU.ActiveCfg = Debug|Any CPU
		{C4BF4BC3-D189-43F3-5DE3-22AC553B6517}.Debug|Any CPU.Build.0 = Debug|Any CPU
		{C4BF4BC3-D189-43F3-5DE3-22AC553B6517}.Debug|x64.ActiveCfg = Debug|Any CPU
		{C4BF4BC3-D189-43F3-5DE3-22AC553B6517}.Debug|x64.Build.0 = Debug|Any CPU
		{C4BF4BC3-D189-43F3-5DE3-22AC553B6517}.Debug|x86.ActiveCfg = Debug|Any CPU
		{C4BF4BC3-D189-43F3-5DE3-22AC553B6517}.Debug|x86.Build.0 = Debug|Any CPU
		{C4BF4BC3-D189-43F3-5DE3-22AC553B6517}.Release|Any CPU.ActiveCfg = Release|Any CPU
		{C4BF4BC3-D189-43F3-5DE3-22AC553B6517}.Release|Any CPU.Build.0 = Release|Any CPU
		{C4BF4BC3-D189-43F3-5DE3-22AC553B6517}.Release|x64.ActiveCfg = Release|Any CPU
		{C4BF4BC3-D189-43F3-5DE3-22AC553B6517}.Release|x64.Build.0 = Release|Any CPU
		{C4BF4BC3-D189-43F3-5DE3-22AC553B6517}.Release|x86.ActiveCfg = Release|Any CPU
		{C4BF4BC3-D189-43F3-5DE3-22AC553B6517}.Release|x86.Build.0 = Release|Any CPU
		{8F3031C1-66A1-269B-32C9-333A8609B5D2}.Debug|Any CPU.ActiveCfg = Debug|Any CPU
		{8F3031C1-66A1-269B-32C9-333A8609B5D2}.Debug|Any CPU.Build.0 = Debug|Any CPU
		{8F3031C1-66A1-269B-32C9-333A8609B5D2}.Debug|x64.ActiveCfg = Debug|Any CPU
		{8F3031C1-66A1-269B-32C9-333A8609B5D2}.Debug|x64.Build.0 = Debug|Any CPU
		{8F3031C1-66A1-269B-32C9-333A8609B5D2}.Debug|x86.ActiveCfg = Debug|Any CPU
		{8F3031C1-66A1-269B-32C9-333A8609B5D2}.Debug|x86.Build.0 = Debug|Any CPU
		{8F3031C1-66A1-269B-32C9-333A8609B5D2}.Release|Any CPU.ActiveCfg = Release|Any CPU
		{8F3031C1-66A1-269B-32C9-333A8609B5D2}.Release|Any CPU.Build.0 = Release|Any CPU
		{8F3031C1-66A1-269B-32C9-333A8609B5D2}.Release|x64.ActiveCfg = Release|Any CPU
		{8F3031C1-66A1-269B-32C9-333A8609B5D2}.Release|x64.Build.0 = Release|Any CPU
		{8F3031C1-66A1-269B-32C9-333A8609B5D2}.Release|x86.ActiveCfg = Release|Any CPU
		{8F3031C1-66A1-269B-32C9-333A8609B5D2}.Release|x86.Build.0 = Release|Any CPU
		{25618D97-9A8E-4A1E-A2CE-2164238A04C5}.Debug|Any CPU.ActiveCfg = Debug|Any CPU
		{25618D97-9A8E-4A1E-A2CE-2164238A04C5}.Debug|Any CPU.Build.0 = Debug|Any CPU
		{25618D97-9A8E-4A1E-A2CE-2164238A04C5}.Debug|x64.ActiveCfg = Debug|Any CPU
		{25618D97-9A8E-4A1E-A2CE-2164238A04C5}.Debug|x64.Build.0 = Debug|Any CPU
		{25618D97-9A8E-4A1E-A2CE-2164238A04C5}.Debug|x86.ActiveCfg = Debug|Any CPU
		{25618D97-9A8E-4A1E-A2CE-2164238A04C5}.Debug|x86.Build.0 = Debug|Any CPU
		{25618D97-9A8E-4A1E-A2CE-2164238A04C5}.Release|Any CPU.ActiveCfg = Release|Any CPU
		{25618D97-9A8E-4A1E-A2CE-2164238A04C5}.Release|Any CPU.Build.0 = Release|Any CPU
		{25618D97-9A8E-4A1E-A2CE-2164238A04C5}.Release|x64.ActiveCfg = Release|Any CPU
		{25618D97-9A8E-4A1E-A2CE-2164238A04C5}.Release|x64.Build.0 = Release|Any CPU
		{25618D97-9A8E-4A1E-A2CE-2164238A04C5}.Release|x86.ActiveCfg = Release|Any CPU
		{25618D97-9A8E-4A1E-A2CE-2164238A04C5}.Release|x86.Build.0 = Release|Any CPU
		{5EAADCE3-C539-4F0B-9DA1-123A9F76EBEA}.Debug|Any CPU.ActiveCfg = Debug|Any CPU
		{5EAADCE3-C539-4F0B-9DA1-123A9F76EBEA}.Debug|Any CPU.Build.0 = Debug|Any CPU
		{5EAADCE3-C539-4F0B-9DA1-123A9F76EBEA}.Debug|x64.ActiveCfg = Debug|Any CPU
		{5EAADCE3-C539-4F0B-9DA1-123A9F76EBEA}.Debug|x64.Build.0 = Debug|Any CPU
		{5EAADCE3-C539-4F0B-9DA1-123A9F76EBEA}.Debug|x86.ActiveCfg = Debug|Any CPU
		{5EAADCE3-C539-4F0B-9DA1-123A9F76EBEA}.Debug|x86.Build.0 = Debug|Any CPU
		{5EAADCE3-C539-4F0B-9DA1-123A9F76EBEA}.Release|Any CPU.ActiveCfg = Release|Any CPU
		{5EAADCE3-C539-4F0B-9DA1-123A9F76EBEA}.Release|Any CPU.Build.0 = Release|Any CPU
		{5EAADCE3-C539-4F0B-9DA1-123A9F76EBEA}.Release|x64.ActiveCfg = Release|Any CPU
		{5EAADCE3-C539-4F0B-9DA1-123A9F76EBEA}.Release|x64.Build.0 = Release|Any CPU
		{5EAADCE3-C539-4F0B-9DA1-123A9F76EBEA}.Release|x86.ActiveCfg = Release|Any CPU
		{5EAADCE3-C539-4F0B-9DA1-123A9F76EBEA}.Release|x86.Build.0 = Release|Any CPU
	EndGlobalSection
	GlobalSection(SolutionProperties) = preSolution
		HideSolutionNode = FALSE
	EndGlobalSection
	GlobalSection(NestedProjects) = preSolution
		{C4BF4BC3-D189-43F3-5DE3-22AC553B6517} = {05036763-C748-41DC-B96A-C168A6868AC3}
		{8F3031C1-66A1-269B-32C9-333A8609B5D2} = {DAE61D28-0814-49EB-A829-8D8F8F57EE06}
		{25618D97-9A8E-4A1E-A2CE-2164238A04C5} = {BCCE6161-BB8F-4B00-B6CC-DAAE0F7E85CC}
		{05036763-C748-41DC-B96A-C168A6868AC3} = {B6A6B99A-8203-45E1-9F33-C9691342BA87}
		{A755F970-9C6E-7AA3-4161-1E40420FB937} = {B6A6B99A-8203-45E1-9F33-C9691342BA87}
		{5EAADCE3-C539-4F0B-9DA1-123A9F76EBEA} = {A755F970-9C6E-7AA3-4161-1E40420FB937}
	EndGlobalSection
	GlobalSection(ExtensibilityGlobals) = postSolution
		SolutionGuid = {72805F42-3D23-4CC3-9BC2-7E772AC3372F}
	EndGlobalSection
EndGlobal
